
Microsoft Visual Studio Solution File, Format Version 12.00
# Visual Studio 15
VisualStudioVersion = 15.0.26124.0
MinimumVisualStudioVersion = 15.0.26124.0
Project("{FAE04EC0-301F-11D3-BF4B-00C04F79EFBC}") = "VamTimeline", "src\VamTimeline.csproj", "{B8039E52-5448-4192-ACBA-8EF26CD16F02}"
EndProject
Project("{FAE04EC0-301F-11D3-BF4B-00C04F79EFBC}") = "VamTimeline.Tests", "tests\VamTimeline.Tests.csproj", "{873D9DB0-2574-4701-BCA9-D1A8FDDBE380}"
EndProject
Global
	GlobalSection(SolutionConfigurationPlatforms) = preSolution
		Debug|Any CPU = Debug|Any CPU
		Debug|x64 = Debug|x64
		Debug|x86 = Debug|x86
		Release|Any CPU = Release|Any CPU
		Release|x64 = Release|x64
		Release|x86 = Release|x86
	EndGlobalSection
	GlobalSection(SolutionProperties) = preSolution
		HideSolutionNode = FALSE
	EndGlobalSection
	GlobalSection(ProjectConfigurationPlatforms) = postSolution
		{B8039E52-5448-4192-ACBA-8EF26CD16F02}.Debug|Any CPU.ActiveCfg = Debug|Any CPU
		{B8039E52-5448-4192-ACBA-8EF26CD16F02}.Debug|Any CPU.Build.0 = Debug|Any CPU
		{B8039E52-5448-4192-ACBA-8EF26CD16F02}.Debug|x64.ActiveCfg = Debug|Any CPU
		{B8039E52-5448-4192-ACBA-8EF26CD16F02}.Debug|x64.Build.0 = Debug|Any CPU
		{B8039E52-5448-4192-ACBA-8EF26CD16F02}.Debug|x86.ActiveCfg = Debug|Any CPU
		{B8039E52-5448-4192-ACBA-8EF26CD16F02}.Debug|x86.Build.0 = Debug|Any CPU
		{B8039E52-5448-4192-ACBA-8EF26CD16F02}.Release|Any CPU.ActiveCfg = Debug|Any CPU
		{B8039E52-5448-4192-ACBA-8EF26CD16F02}.Release|Any CPU.Build.0 = Debug|Any CPU
		{B8039E52-5448-4192-ACBA-8EF26CD16F02}.Release|x64.ActiveCfg = Debug|Any CPU
		{B8039E52-5448-4192-ACBA-8EF26CD16F02}.Release|x64.Build.0 = Debug|Any CPU
		{B8039E52-5448-4192-ACBA-8EF26CD16F02}.Release|x86.ActiveCfg = Debug|Any CPU
		{B8039E52-5448-4192-ACBA-8EF26CD16F02}.Release|x86.Build.0 = Debug|Any CPU
		{873D9DB0-2574-4701-BCA9-D1A8FDDBE380}.Debug|Any CPU.ActiveCfg = Debug|Any CPU
		{873D9DB0-2574-4701-BCA9-D1A8FDDBE380}.Debug|Any CPU.Build.0 = Debug|Any CPU
		{873D9DB0-2574-4701-BCA9-D1A8FDDBE380}.Debug|x64.ActiveCfg = Debug|Any CPU
		{873D9DB0-2574-4701-BCA9-D1A8FDDBE380}.Debug|x64.Build.0 = Debug|Any CPU
		{873D9DB0-2574-4701-BCA9-D1A8FDDBE380}.Debug|x86.ActiveCfg = Debug|Any CPU
		{873D9DB0-2574-4701-BCA9-D1A8FDDBE380}.Debug|x86.Build.0 = Debug|Any CPU
		{873D9DB0-2574-4701-BCA9-D1A8FDDBE380}.Release|Any CPU.ActiveCfg = Release|Any CPU
		{873D9DB0-2574-4701-BCA9-D1A8FDDBE380}.Release|Any CPU.Build.0 = Release|Any CPU
		{873D9DB0-2574-4701-BCA9-D1A8FDDBE380}.Release|x64.ActiveCfg = Release|Any CPU
		{873D9DB0-2574-4701-BCA9-D1A8FDDBE380}.Release|x64.Build.0 = Release|Any CPU
		{873D9DB0-2574-4701-BCA9-D1A8FDDBE380}.Release|x86.ActiveCfg = Release|Any CPU
		{873D9DB0-2574-4701-BCA9-D1A8FDDBE380}.Release|x86.Build.0 = Release|Any CPU
	EndGlobalSection
EndGlobal
